
Microsoft Visual Studio Solution File, Format Version 12.00
# Visual Studio 15
VisualStudioVersion = 15.0.27703.2035
MinimumVisualStudioVersion = 10.0.40219.1
Project("{FAE04EC0-301F-11D3-BF4B-00C04F79EFBC}") = "AddressBook", "AdderessBook\AddressBook.csproj", "{5E91066B-FD9B-449E-B63D-DBB7C9588140}"
EndProject
Project("{FAE04EC0-301F-11D3-BF4B-00C04F79EFBC}") = "AddressBookServices", "AddressBookLib\AddressBookServices.csproj", "{C98CDD31-36ED-4797-AE8E-FF70365BA08B}"
EndProject
Project("{FAE04EC0-301F-11D3-BF4B-00C04F79EFBC}") = "AddressBookModels", "AddressBookModels\AddressBookModels.csproj", "{287716B4-4F12-4115-A6DA-B1F7D55059ED}"
EndProject
Global
	GlobalSection(SolutionConfigurationPlatforms) = preSolution
		Debug|Any CPU = Debug|Any CPU
		Release|Any CPU = Release|Any CPU
	EndGlobalSection
	GlobalSection(ProjectConfigurationPlatforms) = postSolution
		{5E91066B-FD9B-449E-B63D-DBB7C9588140}.Debug|Any CPU.ActiveCfg = Debug|Any CPU
		{5E91066B-FD9B-449E-B63D-DBB7C9588140}.Debug|Any CPU.Build.0 = Debug|Any CPU
		{5E91066B-FD9B-449E-B63D-DBB7C9588140}.Release|Any CPU.ActiveCfg = Release|Any CPU
		{5E91066B-FD9B-449E-B63D-DBB7C9588140}.Release|Any CPU.Build.0 = Release|Any CPU
		{C98CDD31-36ED-4797-AE8E-FF70365BA08B}.Debug|Any CPU.ActiveCfg = Debug|Any CPU
		{C98CDD31-36ED-4797-AE8E-FF70365BA08B}.Debug|Any CPU.Build.0 = Debug|Any CPU
		{C98CDD31-36ED-4797-AE8E-FF70365BA08B}.Release|Any CPU.ActiveCfg = Release|Any CPU
		{C98CDD31-36ED-4797-AE8E-FF70365BA08B}.Release|Any CPU.Build.0 = Release|Any CPU
		{287716B4-4F12-4115-A6DA-B1F7D55059ED}.Debug|Any CPU.ActiveCfg = Debug|Any CPU
		{287716B4-4F12-4115-A6DA-B1F7D55059ED}.Debug|Any CPU.Build.0 = Debug|Any CPU
		{287716B4-4F12-4115-A6DA-B1F7D55059ED}.Release|Any CPU.ActiveCfg = Release|Any CPU
		{287716B4-4F12-4115-A6DA-B1F7D55059ED}.Release|Any CPU.Build.0 = Release|Any CPU
	EndGlobalSection
	GlobalSection(SolutionProperties) = preSolution
		HideSolutionNode = FALSE
	EndGlobalSection
	GlobalSection(ExtensibilityGlobals) = postSolution
		SolutionGuid = {0BAFF019-DFA6-406B-9A31-D73C8BD32C59}
	EndGlobalSection
EndGlobal
